
Microsoft Visual Studio Solution File, Format Version 12.00
# Visual Studio Version 16
VisualStudioVersion = 16.0.30309.148
MinimumVisualStudioVersion = 10.0.40219.1
Project("{F184B08F-C81C-45F6-A57F-5ABD9991F28F}") = "Fly Flow Dashboard", "Fly Flow Dashboard.vbproj", "{F715CF06-2E9D-421C-B0EE-9BF79285239C}"
EndProject
Global
	GlobalSection(SolutionConfigurationPlatforms) = preSolution
		Debug|Any CPU = Debug|Any CPU
		Release|Any CPU = Release|Any CPU
	EndGlobalSection
	GlobalSection(ProjectConfigurationPlatforms) = postSolution
		{F715CF06-2E9D-421C-B0EE-9BF79285239C}.Debug|Any CPU.ActiveCfg = Debug|Any CPU
		{F715CF06-2E9D-421C-B0EE-9BF79285239C}.Debug|Any CPU.Build.0 = Debug|Any CPU
		{F715CF06-2E9D-421C-B0EE-9BF79285239C}.Release|Any CPU.ActiveCfg = Release|Any CPU
		{F715CF06-2E9D-421C-B0EE-9BF79285239C}.Release|Any CPU.Build.0 = Release|Any CPU
	EndGlobalSection
	GlobalSection(SolutionProperties) = preSolution
		HideSolutionNode = FALSE
	EndGlobalSection
	GlobalSection(ExtensibilityGlobals) = postSolution
		SolutionGuid = {EF40CC83-2B1C-4C95-9C11-D92743BD23B0}
	EndGlobalSection
EndGlobal
